
Microsoft Visual Studio Solution File, Format Version 12.00
# Visual Studio Version 17
VisualStudioVersion = 17.0.31903.59
MinimumVisualStudioVersion = 10.0.40219.1
Project("{2150E333-8FDC-42A3-9474-1A3956D46DE8}") = "App", "App", "{ABF631A3-24C4-4091-8C16-8917C2E4CE8C}"
EndProject
Project("{FAE04EC0-301F-11D3-BF4B-00C04F79EFBC}") = "Holocron.App.Api", "App\Api\Holocron.App.Api.csproj", "{3EBDBADD-76E1-4629-B872-B4567EBEA9E7}"
EndProject
Global
	GlobalSection(SolutionConfigurationPlatforms) = preSolution
		Debug|Any CPU = Debug|Any CPU
		Release|Any CPU = Release|Any CPU
	EndGlobalSection
	GlobalSection(SolutionProperties) = preSolution
		HideSolutionNode = FALSE
	EndGlobalSection
	GlobalSection(ProjectConfigurationPlatforms) = postSolution
		{3EBDBADD-76E1-4629-B872-B4567EBEA9E7}.Debug|Any CPU.ActiveCfg = Debug|Any CPU
		{3EBDBADD-76E1-4629-B872-B4567EBEA9E7}.Debug|Any CPU.Build.0 = Debug|Any CPU
		{3EBDBADD-76E1-4629-B872-B4567EBEA9E7}.Release|Any CPU.ActiveCfg = Release|Any CPU
		{3EBDBADD-76E1-4629-B872-B4567EBEA9E7}.Release|Any CPU.Build.0 = Release|Any CPU
	EndGlobalSection
	GlobalSection(NestedProjects) = preSolution
		{3EBDBADD-76E1-4629-B872-B4567EBEA9E7} = {ABF631A3-24C4-4091-8C16-8917C2E4CE8C}
	EndGlobalSection
EndGlobal
